// !$*UTF8*$!
{
	archiveVersion = 1;
	classes = {
	};
	objectVersion = 55;
	objects = {

/* Begin PBXBuildFile section */
		A582E19C270477C7003E70D5 /* LocationTracker.xcdatamodeld in Sources */ = {isa = PBXBuildFile; fileRef = A582E189270477C5003E70D5 /* LocationTracker.xcdatamodeld */; };
		A582E19D270477C7003E70D5 /* LocationTracker.xcdatamodeld in Sources */ = {isa = PBXBuildFile; fileRef = A582E189270477C5003E70D5 /* LocationTracker.xcdatamodeld */; };
		A582E19E270477C7003E70D5 /* LocationTrackerApp.swift in Sources */ = {isa = PBXBuildFile; fileRef = A582E18B270477C5003E70D5 /* LocationTrackerApp.swift */; };
		A582E19F270477C7003E70D5 /* LocationTrackerApp.swift in Sources */ = {isa = PBXBuildFile; fileRef = A582E18B270477C5003E70D5 /* LocationTrackerApp.swift */; };
		A582E1A0270477C7003E70D5 /* ContentView.swift in Sources */ = {isa = PBXBuildFile; fileRef = A582E18C270477C5003E70D5 /* ContentView.swift */; };
		A582E1A1270477C7003E70D5 /* ContentView.swift in Sources */ = {isa = PBXBuildFile; fileRef = A582E18C270477C5003E70D5 /* ContentView.swift */; };
		A582E1A2270477C7003E70D5 /* Persistence.swift in Sources */ = {isa = PBXBuildFile; fileRef = A582E18D270477C5003E70D5 /* Persistence.swift */; };
		A582E1A3270477C7003E70D5 /* Persistence.swift in Sources */ = {isa = PBXBuildFile; fileRef = A582E18D270477C5003E70D5 /* Persistence.swift */; };
		A582E1A4270477C7003E70D5 /* Assets.xcassets in Resources */ = {isa = PBXBuildFile; fileRef = A582E18E270477C7003E70D5 /* Assets.xcassets */; };
		A582E1A5270477C7003E70D5 /* Assets.xcassets in Resources */ = {isa = PBXBuildFile; fileRef = A582E18E270477C7003E70D5 /* Assets.xcassets */; };
		A582E1AF270477E1003E70D5 /* LocationStorage.swift in Sources */ = {isa = PBXBuildFile; fileRef = A582E1AE270477E1003E70D5 /* LocationStorage.swift */; };
		A582E1B0270477E1003E70D5 /* LocationStorage.swift in Sources */ = {isa = PBXBuildFile; fileRef = A582E1AE270477E1003E70D5 /* LocationStorage.swift */; };
		A582E1B227047915003E70D5 /* LocationViewModel.swift in Sources */ = {isa = PBXBuildFile; fileRef = A582E1B127047915003E70D5 /* LocationViewModel.swift */; };
		A582E1B327047915003E70D5 /* LocationViewModel.swift in Sources */ = {isa = PBXBuildFile; fileRef = A582E1B127047915003E70D5 /* LocationViewModel.swift */; };
		A582E1B52704792B003E70D5 /* LocationPublisher.swift in Sources */ = {isa = PBXBuildFile; fileRef = A582E1B42704792B003E70D5 /* LocationPublisher.swift */; };
		A582E1B62704792B003E70D5 /* LocationPublisher.swift in Sources */ = {isa = PBXBuildFile; fileRef = A582E1B42704792B003E70D5 /* LocationPublisher.swift */; };
/* End PBXBuildFile section */

/* Begin PBXFileReference section */
		A582E18A270477C5003E70D5 /* Shared.xcdatamodel */ = {isa = PBXFileReference; lastKnownFileType = wrapper.xcdatamodel; path = Shared.xcdatamodel; sourceTree = "<group>"; };
		A582E18B270477C5003E70D5 /* LocationTrackerApp.swift */ = {isa = PBXFileReference; lastKnownFileType = sourcecode.swift; path = LocationTrackerApp.swift; sourceTree = "<group>"; };
		A582E18C270477C5003E70D5 /* ContentView.swift */ = {isa = PBXFileReference; lastKnownFileType = sourcecode.swift; path = ContentView.swift; sourceTree = "<group>"; };
		A582E18D270477C5003E70D5 /* Persistence.swift */ = {isa = PBXFileReference; lastKnownFileType = sourcecode.swift; path = Persistence.swift; sourceTree = "<group>"; };
		A582E18E270477C7003E70D5 /* Assets.xcassets */ = {isa = PBXFileReference; lastKnownFileType = folder.assetcatalog; path = Assets.xcassets; sourceTree = "<group>"; };
		A582E193270477C7003E70D5 /* LocationTracker.app */ = {isa = PBXFileReference; explicitFileType = wrapper.application; includeInIndex = 0; path = LocationTracker.app; sourceTree = BUILT_PRODUCTS_DIR; };
		A582E199270477C7003E70D5 /* LocationTracker.app */ = {isa = PBXFileReference; explicitFileType = wrapper.application; includeInIndex = 0; path = LocationTracker.app; sourceTree = BUILT_PRODUCTS_DIR; };
		A582E19B270477C7003E70D5 /* macOS.entitlements */ = {isa = PBXFileReference; lastKnownFileType = text.plist.entitlements; path = macOS.entitlements; sourceTree = "<group>"; };
		A582E1AE270477E1003E70D5 /* LocationStorage.swift */ = {isa = PBXFileReference; lastKnownFileType = sourcecode.swift; path = LocationStorage.swift; sourceTree = "<group>"; };
		A582E1B127047915003E70D5 /* LocationViewModel.swift */ = {isa = PBXFileReference; lastKnownFileType = sourcecode.swift; path = LocationViewModel.swift; sourceTree = "<group>"; };
		A582E1B42704792B003E70D5 /* LocationPublisher.swift */ = {isa = PBXFileReference; lastKnownFileType = sourcecode.swift; path = LocationPublisher.swift; sourceTree = "<group>"; };
/* End PBXFileReference section */

/* Begin PBXFrameworksBuildPhase section */
		A582E190270477C7003E70D5 /* Frameworks */ = {
			isa = PBXFrameworksBuildPhase;
			buildActionMask = 2147483647;
			files = (
			);
			runOnlyForDeploymentPostprocessing = 0;
		};
		A582E196270477C7003E70D5 /* Frameworks */ = {
			isa = PBXFrameworksBuildPhase;
			buildActionMask = 2147483647;
			files = (
			);
			runOnlyForDeploymentPostprocessing = 0;
		};
/* End PBXFrameworksBuildPhase section */

/* Begin PBXGroup section */
		A582E183270477C5003E70D5 = {
			isa = PBXGroup;
			children = (
				A582E188270477C5003E70D5 /* Shared */,
				A582E19A270477C7003E70D5 /* macOS */,
				A582E194270477C7003E70D5 /* Products */,
			);
			sourceTree = "<group>";
		};
		A582E188270477C5003E70D5 /* Shared */ = {
			isa = PBXGroup;
			children = (
				A582E18B270477C5003E70D5 /* LocationTrackerApp.swift */,
				A582E18C270477C5003E70D5 /* ContentView.swift */,
				A582E18D270477C5003E70D5 /* Persistence.swift */,
				A582E18E270477C7003E70D5 /* Assets.xcassets */,
				A582E189270477C5003E70D5 /* LocationTracker.xcdatamodeld */,
				A582E1AE270477E1003E70D5 /* LocationStorage.swift */,
				A582E1B127047915003E70D5 /* LocationViewModel.swift */,
				A582E1B42704792B003E70D5 /* LocationPublisher.swift */,
			);
			path = Shared;
			sourceTree = "<group>";
		};
		A582E194270477C7003E70D5 /* Products */ = {
			isa = PBXGroup;
			children = (
				A582E193270477C7003E70D5 /* LocationTracker.app */,
				A582E199270477C7003E70D5 /* LocationTracker.app */,
			);
			name = Products;
			sourceTree = "<group>";
		};
		A582E19A270477C7003E70D5 /* macOS */ = {
			isa = PBXGroup;
			children = (
				A582E19B270477C7003E70D5 /* macOS.entitlements */,
			);
			path = macOS;
			sourceTree = "<group>";
		};
/* End PBXGroup section */

/* Begin PBXNativeTarget section */
		A582E192270477C7003E70D5 /* LocationTracker (iOS) */ = {
			isa = PBXNativeTarget;
			buildConfigurationList = A582E1A8270477C7003E70D5 /* Build configuration list for PBXNativeTarget "LocationTracker (iOS)" */;
			buildPhases = (
				A582E18F270477C7003E70D5 /* Sources */,
				A582E190270477C7003E70D5 /* Frameworks */,
				A582E191270477C7003E70D5 /* Resources */,
			);
			buildRules = (
			);
			dependencies = (
			);
			name = "LocationTracker (iOS)";
			productName = "LocationTracker (iOS)";
			productReference = A582E193270477C7003E70D5 /* LocationTracker.app */;
			productType = "com.apple.product-type.application";
		};
		A582E198270477C7003E70D5 /* LocationTracker (macOS) */ = {
			isa = PBXNativeTarget;
			buildConfigurationList = A582E1AB270477C7003E70D5 /* Build configuration list for PBXNativeTarget "LocationTracker (macOS)" */;
			buildPhases = (
				A582E195270477C7003E70D5 /* Sources */,
				A582E196270477C7003E70D5 /* Frameworks */,
				A582E197270477C7003E70D5 /* Resources */,
			);
			buildRules = (
			);
			dependencies = (
			);
			name = "LocationTracker (macOS)";
			productName = "LocationTracker (macOS)";
			productReference = A582E199270477C7003E70D5 /* LocationTracker.app */;
			productType = "com.apple.product-type.application";
		};
/* End PBXNativeTarget section */

/* Begin PBXProject section */
		A582E184270477C5003E70D5 /* Project object */ = {
			isa = PBXProject;
			attributes = {
				BuildIndependentTargetsInParallel = 1;
				LastSwiftUpdateCheck = 1300;
				LastUpgradeCheck = 1300;
				TargetAttributes = {
					A582E192270477C7003E70D5 = {
						CreatedOnToolsVersion = 13.0;
					};
					A582E198270477C7003E70D5 = {
						CreatedOnToolsVersion = 13.0;
					};
				};
			};
			buildConfigurationList = A582E187270477C5003E70D5 /* Build configuration list for PBXProject "LocationTracker" */;
			compatibilityVersion = "Xcode 13.0";
			developmentRegion = en;
			hasScannedForEncodings = 0;
			knownRegions = (
				en,
				Base,
			);
			mainGroup = A582E183270477C5003E70D5;
			productRefGroup = A582E194270477C7003E70D5 /* Products */;
			projectDirPath = "";
			projectRoot = "";
			targets = (
				A582E192270477C7003E70D5 /* LocationTracker (iOS) */,
				A582E198270477C7003E70D5 /* LocationTracker (macOS) */,
			);
		};
/* End PBXProject section */

/* Begin PBXResourcesBuildPhase section */
		A582E191270477C7003E70D5 /* Resources */ = {
			isa = PBXResourcesBuildPhase;
			buildActionMask = 2147483647;
			files = (
				A582E1A4270477C7003E70D5 /* Assets.xcassets in Resources */,
			);
			runOnlyForDeploymentPostprocessing = 0;
		};
		A582E197270477C7003E70D5 /* Resources */ = {
			isa = PBXResourcesBuildPhase;
			buildActionMask = 2147483647;
			files = (
				A582E1A5270477C7003E70D5 /* Assets.xcassets in Resources */,
			);
			runOnlyForDeploymentPostprocessing = 0;
		};
/* End PBXResourcesBuildPhase section */

/* Begin PBXSourcesBuildPhase section */
		A582E18F270477C7003E70D5 /* Sources */ = {
			isa = PBXSourcesBuildPhase;
			buildActionMask = 2147483647;
			files = (
				A582E1AF270477E1003E70D5 /* LocationStorage.swift in Sources */,
				A582E1B227047915003E70D5 /* LocationViewModel.swift in Sources */,
				A582E19C270477C7003E70D5 /* LocationTracker.xcdatamodeld in Sources */,
				A582E1A2270477C7003E70D5 /* Persistence.swift in Sources */,
				A582E19E270477C7003E70D5 /* LocationTrackerApp.swift in Sources */,
				A582E1A0270477C7003E70D5 /* ContentView.swift in Sources */,
				A582E1B52704792B003E70D5 /* LocationPublisher.swift in Sources */,
			);
			runOnlyForDeploymentPostprocessing = 0;
		};
		A582E195270477C7003E70D5 /* Sources */ = {
			isa = PBXSourcesBuildPhase;
			buildActionMask = 2147483647;
			files = (
				A582E1B0270477E1003E70D5 /* LocationStorage.swift in Sources */,
				A582E1B327047915003E70D5 /* LocationViewModel.swift in Sources */,
				A582E19D270477C7003E70D5 /* LocationTracker.xcdatamodeld in Sources */,
				A582E1A3270477C7003E70D5 /* Persistence.swift in Sources */,
				A582E19F270477C7003E70D5 /* LocationTrackerApp.swift in Sources */,
				A582E1A1270477C7003E70D5 /* ContentView.swift in Sources */,
				A582E1B62704792B003E70D5 /* LocationPublisher.swift in Sources */,
			);
			runOnlyForDeploymentPostprocessing = 0;
		};
/* End PBXSourcesBuildPhase section */

/* Begin XCBuildConfiguration section */
		A582E1A6270477C7003E70D5 /* Debug */ = {
			isa = XCBuildConfiguration;
			buildSettings = {
				ALWAYS_SEARCH_USER_PATHS = NO;
				CLANG_ANALYZER_NONNULL = YES;
				CLANG_ANALYZER_NUMBER_OBJECT_CONVERSION = YES_AGGRESSIVE;
				CLANG_CXX_LANGUAGE_STANDARD = "gnu++17";
				CLANG_CXX_LIBRARY = "libc++";
				CLANG_ENABLE_MODULES = YES;
				CLANG_ENABLE_OBJC_ARC = YES;
				CLANG_ENABLE_OBJC_WEAK = YES;
				CLANG_WARN_BLOCK_CAPTURE_AUTORELEASING = YES;
				CLANG_WARN_BOOL_CONVERSION = YES;
				CLANG_WARN_COMMA = YES;
				CLANG_WARN_CONSTANT_CONVERSION = YES;
				CLANG_WARN_DEPRECATED_OBJC_IMPLEMENTATIONS = YES;
				CLANG_WARN_DIRECT_OBJC_ISA_USAGE = YES_ERROR;
				CLANG_WARN_DOCUMENTATION_COMMENTS = YES;
				CLANG_WARN_EMPTY_BODY = YES;
				CLANG_WARN_ENUM_CONVERSION = YES;
				CLANG_WARN_INFINITE_RECURSION = YES;
				CLANG_WARN_INT_CONVERSION = YES;
				CLANG_WARN_NON_LITERAL_NULL_CONVERSION = YES;
				CLANG_WARN_OBJC_IMPLICIT_RETAIN_SELF = YES;
				CLANG_WARN_OBJC_LITERAL_CONVERSION = YES;
				CLANG_WARN_OBJC_ROOT_CLASS = YES_ERROR;
				CLANG_WARN_QUOTED_INCLUDE_IN_FRAMEWORK_HEADER = YES;
				CLANG_WARN_RANGE_LOOP_ANALYSIS = YES;
				CLANG_WARN_STRICT_PROTOTYPES = YES;
				CLANG_WARN_SUSPICIOUS_MOVE = YES;
				CLANG_WARN_UNGUARDED_AVAILABILITY = YES_AGGRESSIVE;
				CLANG_WARN_UNREACHABLE_CODE = YES;
				CLANG_WARN__DUPLICATE_METHOD_MATCH = YES;
				COPY_PHASE_STRIP = NO;
				DEBUG_INFORMATION_FORMAT = dwarf;
				ENABLE_STRICT_OBJC_MSGSEND = YES;
				ENABLE_TESTABILITY = YES;
				GCC_C_LANGUAGE_STANDARD = gnu11;
				GCC_DYNAMIC_NO_PIC = NO;
				GCC_NO_COMMON_BLOCKS = YES;
				GCC_OPTIMIZATION_LEVEL = 0;
				GCC_PREPROCESSOR_DEFINITIONS = (
					"DEBUG=1",
					"$(inherited)",
				);
				GCC_WARN_64_TO_32_BIT_CONVERSION = YES;
				GCC_WARN_ABOUT_RETURN_TYPE = YES_ERROR;
				GCC_WARN_UNDECLARED_SELECTOR = YES;
				GCC_WARN_UNINITIALIZED_AUTOS = YES_AGGRESSIVE;
				GCC_WARN_UNUSED_FUNCTION = YES;
				GCC_WARN_UNUSED_VARIABLE = YES;
				MTL_ENABLE_DEBUG_INFO = INCLUDE_SOURCE;
				MTL_FAST_MATH = YES;
				ONLY_ACTIVE_ARCH = YES;
				SWIFT_ACTIVE_COMPILATION_CONDITIONS = DEBUG;
				SWIFT_OPTIMIZATION_LEVEL = "-Onone";
			};
			name = Debug;
		};
		A582E1A7270477C7003E70D5 /* Release */ = {
			isa = XCBuildConfiguration;
			buildSettings = {
				ALWAYS_SEARCH_USER_PATHS = NO;
				CLANG_ANALYZER_NONNULL = YES;
				CLANG_ANALYZER_NUMBER_OBJECT_CONVERSION = YES_AGGRESSIVE;
				CLANG_CXX_LANGUAGE_STANDARD = "gnu++17";
				CLANG_CXX_LIBRARY = "libc++";
				CLANG_ENABLE_MODULES = YES;
				CLANG_ENABLE_OBJC_ARC = YES;
				CLANG_ENABLE_OBJC_WEAK = YES;
				CLANG_WARN_BLOCK_CAPTURE_AUTORELEASING = YES;
				CLANG_WARN_BOOL_CONVERSION = YES;
				CLANG_WARN_COMMA = YES;
				CLANG_WARN_CONSTANT_CONVERSION = YES;
				CLANG_WARN_DEPRECATED_OBJC_IMPLEMENTATIONS = YES;
				CLANG_WARN_DIRECT_OBJC_ISA_USAGE = YES_ERROR;
				CLANG_WARN_DOCUMENTATION_COMMENTS = YES;
				CLANG_WARN_EMPTY_BODY = YES;
				CLANG_WARN_ENUM_CONVERSION = YES;
				CLANG_WARN_INFINITE_RECURSION = YES;
				CLANG_WARN_INT_CONVERSION = YES;
				CLANG_WARN_NON_LITERAL_NULL_CONVERSION = YES;
				CLANG_WARN_OBJC_IMPLICIT_RETAIN_SELF = YES;
				CLANG_WARN_OBJC_LITERAL_CONVERSION = YES;
				CLANG_WARN_OBJC_ROOT_CLASS = YES_ERROR;
				CLANG_WARN_QUOTED_INCLUDE_IN_FRAMEWORK_HEADER = YES;
				CLANG_WARN_RANGE_LOOP_ANALYSIS = YES;
				CLANG_WARN_STRICT_PROTOTYPES = YES;
				CLANG_WARN_SUSPICIOUS_MOVE = YES;
				CLANG_WARN_UNGUARDED_AVAILABILITY = YES_AGGRESSIVE;
				CLANG_WARN_UNREACHABLE_CODE = YES;
				CLANG_WARN__DUPLICATE_METHOD_MATCH = YES;
				COPY_PHASE_STRIP = NO;
				DEBUG_INFORMATION_FORMAT = "dwarf-with-dsym";
				ENABLE_NS_ASSERTIONS = NO;
				ENABLE_STRICT_OBJC_MSGSEND = YES;
				GCC_C_LANGUAGE_STANDARD = gnu11;
				GCC_NO_COMMON_BLOCKS = YES;
				GCC_WARN_64_TO_32_BIT_CONVERSION = YES;
				GCC_WARN_ABOUT_RETURN_TYPE = YES_ERROR;
				GCC_WARN_UNDECLARED_SELECTOR = YES;
				GCC_WARN_UNINITIALIZED_AUTOS = YES_AGGRESSIVE;
				GCC_WARN_UNUSED_FUNCTION = YES;
				GCC_WARN_UNUSED_VARIABLE = YES;
				MTL_ENABLE_DEBUG_INFO = NO;
				MTL_FAST_MATH = YES;
				SWIFT_COMPILATION_MODE = wholemodule;
				SWIFT_OPTIMIZATION_LEVEL = "-O";
			};
			name = Release;
		};
		A582E1A9270477C7003E70D5 /* Debug */ = {
			isa = XCBuildConfiguration;
			buildSettings = {
				ASSETCATALOG_COMPILER_APPICON_NAME = AppIcon;
				ASSETCATALOG_COMPILER_GLOBAL_ACCENT_COLOR_NAME = AccentColor;
				CODE_SIGN_STYLE = Automatic;
				CURRENT_PROJECT_VERSION = 1;
				DEVELOPMENT_TEAM = F3927U94X8;
				ENABLE_PREVIEWS = YES;
				GENERATE_INFOPLIST_FILE = YES;
				INFOPLIST_KEY_NSLocationAlwaysAndWhenInUseUsageDescription = "Location required for tracking";
				INFOPLIST_KEY_NSLocationAlwaysUsageDescription = "Location required for tracking";
				INFOPLIST_KEY_NSLocationUsageDescription = "Location required for tracking";
				INFOPLIST_KEY_NSLocationWhenInUseUsageDescription = "Location required for tracking";
				INFOPLIST_KEY_UIApplicationSceneManifest_Generation = YES;
				INFOPLIST_KEY_UIApplicationSupportsIndirectInputEvents = YES;
				INFOPLIST_KEY_UILaunchScreen_Generation = YES;
				INFOPLIST_KEY_UISupportedInterfaceOrientations_iPad = "UIInterfaceOrientationPortrait UIInterfaceOrientationPortraitUpsideDown UIInterfaceOrientationLandscapeLeft UIInterfaceOrientationLandscapeRight";
				INFOPLIST_KEY_UISupportedInterfaceOrientations_iPhone = "UIInterfaceOrientationPortrait UIInterfaceOrientationLandscapeLeft UIInterfaceOrientationLandscapeRight";
				IPHONEOS_DEPLOYMENT_TARGET = 14.0;
				LD_RUNPATH_SEARCH_PATHS = (
					"$(inherited)",
					"@executable_path/Frameworks",
				);
				MARKETING_VERSION = 1.0;
				PRODUCT_BUNDLE_IDENTIFIER = com.messingAround.LocationTracker;
				PRODUCT_NAME = LocationTracker;
				SDKROOT = iphoneos;
				SWIFT_EMIT_LOC_STRINGS = YES;
				SWIFT_VERSION = 5.0;
				TARGETED_DEVICE_FAMILY = "1,2";
			};
			name = Debug;
		};
		A582E1AA270477C7003E70D5 /* Release */ = {
			isa = XCBuildConfiguration;
			buildSettings = {
				ASSETCATALOG_COMPILER_APPICON_NAME = AppIcon;
				ASSETCATALOG_COMPILER_GLOBAL_ACCENT_COLOR_NAME = AccentColor;
				CODE_SIGN_STYLE = Automatic;
				CURRENT_PROJECT_VERSION = 1;
				DEVELOPMENT_TEAM = F3927U94X8;
				ENABLE_PREVIEWS = YES;
				GENERATE_INFOPLIST_FILE = YES;
				INFOPLIST_KEY_NSLocationAlwaysAndWhenInUseUsageDescription = "Location required for tracking";
				INFOPLIST_KEY_NSLocationAlwaysUsageDescription = "Location required for tracking";
				INFOPLIST_KEY_NSLocationUsageDescription = "Location required for tracking";
				INFOPLIST_KEY_NSLocationWhenInUseUsageDescription = "Location required for tracking";
				INFOPLIST_KEY_UIApplicationSceneManifest_Generation = YES;
				INFOPLIST_KEY_UIApplicationSupportsIndirectInputEvents = YES;
				INFOPLIST_KEY_UILaunchScreen_Generation = YES;
				INFOPLIST_KEY_UISupportedInterfaceOrientations_iPad = "UIInterfaceOrientationPortrait UIInterfaceOrientationPortraitUpsideDown UIInterfaceOrientationLandscapeLeft UIInterfaceOrientationLandscapeRight";
				INFOPLIST_KEY_UISupportedInterfaceOrientations_iPhone = "UIInterfaceOrientationPortrait UIInterfaceOrientationLandscapeLeft UIInterfaceOrientationLandscapeRight";
				IPHONEOS_DEPLOYMENT_TARGET = 14.0;
				LD_RUNPATH_SEARCH_PATHS = (
					"$(inherited)",
					"@executable_path/Frameworks",
				);
				MARKETING_VERSION = 1.0;
				PRODUCT_BUNDLE_IDENTIFIER = com.messingAround.LocationTracker;
				PRODUCT_NAME = LocationTracker;
				SDKROOT = iphoneos;
				SWIFT_EMIT_LOC_STRINGS = YES;
				SWIFT_VERSION = 5.0;
				TARGETED_DEVICE_FAMILY = "1,2";
				VALIDATE_PRODUCT = YES;
			};
			name = Release;
		};
		A582E1AC270477C7003E70D5 /* Debug */ = {
			isa = XCBuildConfiguration;
			buildSettings = {
				ASSETCATALOG_COMPILER_APPICON_NAME = AppIcon;
				ASSETCATALOG_COMPILER_GLOBAL_ACCENT_COLOR_NAME = AccentColor;
				CODE_SIGN_ENTITLEMENTS = macOS/macOS.entitlements;
				CODE_SIGN_STYLE = Automatic;
				COMBINE_HIDPI_IMAGES = YES;
				CURRENT_PROJECT_VERSION = 1;
				DEVELOPMENT_TEAM = F3927U94X8;
				ENABLE_HARDENED_RUNTIME = YES;
				ENABLE_PREVIEWS = YES;
				GENERATE_INFOPLIST_FILE = YES;
				INFOPLIST_KEY_NSHumanReadableCopyright = "";
				LD_RUNPATH_SEARCH_PATHS = (
					"$(inherited)",
					"@executable_path/../Frameworks",
				);
				MACOSX_DEPLOYMENT_TARGET = 11.0;
				MARKETING_VERSION = 1.0;
				PRODUCT_BUNDLE_IDENTIFIER = com.messingAround.LocationTracker;
				PRODUCT_NAME = LocationTracker;
				SDKROOT = macosx;
				SWIFT_EMIT_LOC_STRINGS = YES;
				SWIFT_VERSION = 5.0;
			};
			name = Debug;
		};
		A582E1AD270477C7003E70D5 /* Release */ = {
			isa = XCBuildConfiguration;
			buildSettings = {
				ASSETCATALOG_COMPILER_APPICON_NAME = AppIcon;
				ASSETCATALOG_COMPILER_GLOBAL_ACCENT_COLOR_NAME = AccentColor;
				CODE_SIGN_ENTITLEMENTS = macOS/macOS.entitlements;
				CODE_SIGN_STYLE = Automatic;
				COMBINE_HIDPI_IMAGES = YES;
				CURRENT_PROJECT_VERSION = 1;
				DEVELOPMENT_TEAM = F3927U94X8;
				ENABLE_HARDENED_RUNTIME = YES;
				ENABLE_PREVIEWS = YES;
				GENERATE_INFOPLIST_FILE = YES;
				INFOPLIST_KEY_NSHumanReadableCopyright = "";
				LD_RUNPATH_SEARCH_PATHS = (
					"$(inherited)",
					"@executable_path/../Frameworks",
				);
				MACOSX_DEPLOYMENT_TARGET = 11.0;
				MARKETING_VERSION = 1.0;
				PRODUCT_BUNDLE_IDENTIFIER = com.messingAround.LocationTracker;
				PRODUCT_NAME = LocationTracker;
				SDKROOT = macosx;
				SWIFT_EMIT_LOC_STRINGS = YES;
				SWIFT_VERSION = 5.0;
			};
			name = Release;
		};
/* End XCBuildConfiguration section */

/* Begin XCConfigurationList section */
		A582E187270477C5003E70D5 /* Build configuration list for PBXProject "LocationTracker" */ = {
			isa = XCConfigurationList;
			buildConfigurations = (
				A582E1A6270477C7003E70D5 /* Debug */,
				A582E1A7270477C7003E70D5 /* Release */,
			);
			defaultConfigurationIsVisible = 0;
			defaultConfigurationName = Release;
		};
		A582E1A8270477C7003E70D5 /* Build configuration list for PBXNativeTarget "LocationTracker (iOS)" */ = {
			isa = XCConfigurationList;
			buildConfigurations = (
				A582E1A9270477C7003E70D5 /* Debug */,
				A582E1AA270477C7003E70D5 /* Release */,
			);
			defaultConfigurationIsVisible = 0;
			defaultConfigurationName = Release;
		};
		A582E1AB270477C7003E70D5 /* Build configuration list for PBXNativeTarget "LocationTracker (macOS)" */ = {
			isa = XCConfigurationList;
			buildConfigurations = (
				A582E1AC270477C7003E70D5 /* Debug */,
				A582E1AD270477C7003E70D5 /* Release */,
			);
			defaultConfigurationIsVisible = 0;
			defaultConfigurationName = Release;
		};
/* End XCConfigurationList section */

/* Begin XCVersionGroup section */
		A582E189270477C5003E70D5 /* LocationTracker.xcdatamodeld */ = {
			isa = XCVersionGroup;
			children = (
				A582E18A270477C5003E70D5 /* Shared.xcdatamodel */,
			);
			currentVersion = A582E18A270477C5003E70D5 /* Shared.xcdatamodel */;
			path = LocationTracker.xcdatamodeld;
			sourceTree = "<group>";
			versionGroupType = wrapper.xcdatamodel;
		};
/* End XCVersionGroup section */
	};
	rootObject = A582E184270477C5003E70D5 /* Project object */;
}
